<?xml version="1.0" encoding="utf-8"?>
<Project ToolsVersion="4.0" xmlns="http://schemas.microsoft.com/developer/msbuild/2003">
  <ItemGroup>
    <Filter Include="Файлы исходного кода">
      <UniqueIdentifier>{4FC737F1-C7A5-4376-A066-2A32D752A2FF}</UniqueIdentifier>
      <Extensions>cpp;c;cc;cxx;def;odl;idl;hpj;bat;asm;asmx</Extensions>
    </Filter>
    <Filter Include="Заголовочные файлы">
      <UniqueIdentifier>{93995380-89BD-4b04-88EB-625FBE52EBFB}</UniqueIdentifier>
      <Extensions>h;hpp;hxx;hm;inl;inc;xsd</Extensions>
    </Filter>
    <Filter Include="Файлы ресурсов">
      <UniqueIdentifier>{67DA6AB6-F800-4c08-8B7A-83BB121AAD01}</UniqueIdentifier>
      <Extensions>rc;ico;cur;bmp;dlg;rc2;rct;bin;rgs;gif;jpg;jpeg;jpe;resx;tiff;tif;png;wav;mfcribbon-ms</Extensions>
    </Filter>
    <Filter Include="Заголовочные файлы\WinUSB">
      <UniqueIdentifier>{b7b5e76c-7f49-45d6-a1b3-aad6bc400700}</UniqueIdentifier>
    </Filter>
    <Filter Include="Заголовочные файлы\Parcers">
      <UniqueIdentifier>{8ed8da99-33fb-4599-9378-8d2d619c4cfa}</UniqueIdentifier>
    </Filter>
    <Filter Include="Файлы исходного кода\Parcer">
      <UniqueIdentifier>{135eb03d-e697-4ebb-a084-2cfda2b9521a}</UniqueIdentifier>
    </Filter>
    <Filter Include="Файлы исходного кода\USB_Core">
      <UniqueIdentifier>{d8a32640-5649-40f8-bde0-40f59dd02b12}</UniqueIdentifier>
    </Filter>
    <Filter Include="Заголовочные файлы\USB_Core">
      <UniqueIdentifier>{ffb60f56-7ad7-453b-8fd1-57d567ad90d3}</UniqueIdentifier>
    </Filter>
  </ItemGroup>
  <ItemGroup>
    <None Include="ReadMe.txt" />
  </ItemGroup>
  <ItemGroup>
    <ClInclude Include="stdafx.h">
      <Filter>Заголовочные файлы</Filter>
    </ClInclude>
    <ClInclude Include="targetver.h">
      <Filter>Заголовочные файлы</Filter>
    </ClInclude>
    <ClInclude Include="usb.h">
      <Filter>Заголовочные файлы\WinUSB</Filter>
    </ClInclude>
    <ClInclude Include="usb100.h">
      <Filter>Заголовочные файлы\WinUSB</Filter>
    </ClInclude>
    <ClInclude Include="usb200.h">
      <Filter>Заголовочные файлы\WinUSB</Filter>
    </ClInclude>
    <ClInclude Include="winusb.h">
      <Filter>Заголовочные файлы\WinUSB</Filter>
    </ClInclude>
    <ClInclude Include="CoreParcer.h">
      <Filter>Заголовочные файлы\Parcers</Filter>
    </ClInclude>
    <ClInclude Include="ParcerBaseTokenActionProvider.h">
      <Filter>Заголовочные файлы\Parcers</Filter>
    </ClInclude>
    <ClInclude Include="winusbio.h">
      <Filter>Заголовочные файлы\WinUSB</Filter>
    </ClInclude>
    <ClInclude Include="DeviceInfoSet.h">
      <Filter>Заголовочные файлы\USB_Core</Filter>
    </ClInclude>
    <ClInclude Include="Open_Comunication_module.h">
      <Filter>Заголовочные файлы\USB_Core</Filter>
    </ClInclude>
    <ClInclude Include="USB_Device.h">
      <Filter>Заголовочные файлы\USB_Core</Filter>
    </ClInclude>
    <ClInclude Include="HiRessTimeMeasure.h">
      <Filter>Заголовочные файлы\USB_Core</Filter>
    </ClInclude>
    <ClInclude Include="USB_Comands.h">
      <Filter>Заголовочные файлы\USB_Core</Filter>
    </ClInclude>
  </ItemGroup>
  <ItemGroup>
    <ClCompile Include="stdafx.cpp">
      <Filter>Файлы исходного кода</Filter>
    </ClCompile>
    <ClCompile Include="OpenUSBComunicationExample.cpp">
      <Filter>Файлы исходного кода</Filter>
    </ClCompile>
    <ClCompile Include="CoreParcer.cpp">
      <Filter>Файлы исходного кода\Parcer</Filter>
    </ClCompile>
    <ClCompile Include="ParcerBaseTokenActionProvider.cpp">
      <Filter>Файлы исходного кода\Parcer</Filter>
    </ClCompile>
    <ClCompile Include="DeviceInfoSet.cpp">
      <Filter>Файлы исходного кода\USB_Core</Filter>
    </ClCompile>
    <ClCompile Include="Open_Comunication_module.cpp">
      <Filter>Файлы исходного кода\USB_Core</Filter>
    </ClCompile>
    <ClCompile Include="USB_Device.cpp">
      <Filter>Файлы исходного кода\USB_Core</Filter>
    </ClCompile>
    <ClCompile Include="HiRessTimeMeasure.cpp">
      <Filter>Файлы исходного кода\USB_Core</Filter>
    </ClCompile>
    <ClCompile Include="USB_Comands.cpp">
      <Filter>Файлы исходного кода\USB_Core</Filter>
    </ClCompile>
  </ItemGroup>
</Project>